// !$*UTF8*$!
{
	archiveVersion = 1;
	classes = {
	};
	objectVersion = 55;
	objects = {

/* Begin PBXBuildFile section */
		342FCA44278CD57300AC61BF /* LoginView.swift in Sources */ = {isa = PBXBuildFile; fileRef = 342FCA43278CD57300AC61BF /* LoginView.swift */; };
		344F923A2791361700FC831C /* OnboardingContainerViewController.swift in Sources */ = {isa = PBXBuildFile; fileRef = 344F92392791361700FC831C /* OnboardingContainerViewController.swift */; };
		344F923C279203EC00FC831C /* OnboardingViewController.swift in Sources */ = {isa = PBXBuildFile; fileRef = 344F923B279203EC00FC831C /* OnboardingViewController.swift */; };
		344F923E279278DC00FC831C /* DummyViewController.swift in Sources */ = {isa = PBXBuildFile; fileRef = 344F923D279278DC00FC831C /* DummyViewController.swift */; };
		344F924127928B6400FC831C /* LocalState.swift in Sources */ = {isa = PBXBuildFile; fileRef = 344F924027928B6400FC831C /* LocalState.swift */; };
		34531B642793D00C001489C0 /* UIViewController+Utils.swift in Sources */ = {isa = PBXBuildFile; fileRef = 34531B632793D00C001489C0 /* UIViewController+Utils.swift */; };
		34531B662793D1FC001489C0 /* MainViewController.swift in Sources */ = {isa = PBXBuildFile; fileRef = 34531B652793D1FC001489C0 /* MainViewController.swift */; };
		34531B692794779A001489C0 /* AccountSummaryViewController.swift in Sources */ = {isa = PBXBuildFile; fileRef = 34531B682794779A001489C0 /* AccountSummaryViewController.swift */; };
		34531B6B27947D0D001489C0 /* AccountSummaryHeaderView.swift in Sources */ = {isa = PBXBuildFile; fileRef = 34531B6A27947D0D001489C0 /* AccountSummaryHeaderView.swift */; };
		34531B6D27947D4C001489C0 /* AccountSummaryHeaderView.xib in Resources */ = {isa = PBXBuildFile; fileRef = 34531B6C27947D4C001489C0 /* AccountSummaryHeaderView.xib */; };
		34531B71279509C1001489C0 /* AccountSummaryCell.swift in Sources */ = {isa = PBXBuildFile; fileRef = 34531B70279509C1001489C0 /* AccountSummaryCell.swift */; };
		34A8D37427966ADB00E0EC28 /* DecimalUtils.swift in Sources */ = {isa = PBXBuildFile; fileRef = 34A8D37327966ADB00E0EC28 /* DecimalUtils.swift */; };
		34A8D37627966B2B00E0EC28 /* CurrencyFormatter.swift in Sources */ = {isa = PBXBuildFile; fileRef = 34A8D37527966B2B00E0EC28 /* CurrencyFormatter.swift */; };
		34A8D385279673ED00E0EC28 /* CurrencyFormatterTests.swift in Sources */ = {isa = PBXBuildFile; fileRef = 34A8D384279673ED00E0EC28 /* CurrencyFormatterTests.swift */; };
		34A8D3872797188900E0EC28 /* NSNotificationName.swift in Sources */ = {isa = PBXBuildFile; fileRef = 34A8D3862797188900E0EC28 /* NSNotificationName.swift */; };
		34A8D3892797257400E0EC28 /* UITextField+SecureToggle.swift in Sources */ = {isa = PBXBuildFile; fileRef = 34A8D3882797257400E0EC28 /* UITextField+SecureToggle.swift */; };
		34B199DE278BCFC1003D7642 /* AppDelegate.swift in Sources */ = {isa = PBXBuildFile; fileRef = 34B199DD278BCFC1003D7642 /* AppDelegate.swift */; };
		34B199E2278BCFC1003D7642 /* LoginViewController.swift in Sources */ = {isa = PBXBuildFile; fileRef = 34B199E1278BCFC1003D7642 /* LoginViewController.swift */; };
		34B199E7278BCFC3003D7642 /* Assets.xcassets in Resources */ = {isa = PBXBuildFile; fileRef = 34B199E6278BCFC3003D7642 /* Assets.xcassets */; };
		34B199EA278BCFC3003D7642 /* LaunchScreen.storyboard in Resources */ = {isa = PBXBuildFile; fileRef = 34B199E8278BCFC3003D7642 /* LaunchScreen.storyboard */; };
/* End PBXBuildFile section */

/* Begin PBXContainerItemProxy section */
		34A8D37F2796735200E0EC28 /* PBXContainerItemProxy */ = {
			isa = PBXContainerItemProxy;
			containerPortal = 34B199D2278BCFC1003D7642 /* Project object */;
			proxyType = 1;
			remoteGlobalIDString = 34B199D9278BCFC1003D7642;
			remoteInfo = Bankey;
		};
/* End PBXContainerItemProxy section */

/* Begin PBXFileReference section */
		342FCA43278CD57300AC61BF /* LoginView.swift */ = {isa = PBXFileReference; lastKnownFileType = sourcecode.swift; path = LoginView.swift; sourceTree = "<group>"; };
		344F92392791361700FC831C /* OnboardingContainerViewController.swift */ = {isa = PBXFileReference; lastKnownFileType = sourcecode.swift; path = OnboardingContainerViewController.swift; sourceTree = "<group>"; };
		344F923B279203EC00FC831C /* OnboardingViewController.swift */ = {isa = PBXFileReference; lastKnownFileType = sourcecode.swift; path = OnboardingViewController.swift; sourceTree = "<group>"; };
		344F923D279278DC00FC831C /* DummyViewController.swift */ = {isa = PBXFileReference; lastKnownFileType = sourcecode.swift; path = DummyViewController.swift; sourceTree = "<group>"; };
		344F924027928B6400FC831C /* LocalState.swift */ = {isa = PBXFileReference; lastKnownFileType = sourcecode.swift; path = LocalState.swift; sourceTree = "<group>"; };
		34531B632793D00C001489C0 /* UIViewController+Utils.swift */ = {isa = PBXFileReference; lastKnownFileType = sourcecode.swift; path = "UIViewController+Utils.swift"; sourceTree = "<group>"; };
		34531B652793D1FC001489C0 /* MainViewController.swift */ = {isa = PBXFileReference; lastKnownFileType = sourcecode.swift; path = MainViewController.swift; sourceTree = "<group>"; };
		34531B682794779A001489C0 /* AccountSummaryViewController.swift */ = {isa = PBXFileReference; lastKnownFileType = sourcecode.swift; path = AccountSummaryViewController.swift; sourceTree = "<group>"; };
		34531B6A27947D0D001489C0 /* AccountSummaryHeaderView.swift */ = {isa = PBXFileReference; lastKnownFileType = sourcecode.swift; path = AccountSummaryHeaderView.swift; sourceTree = "<group>"; };
		34531B6C27947D4C001489C0 /* AccountSummaryHeaderView.xib */ = {isa = PBXFileReference; lastKnownFileType = file.xib; path = AccountSummaryHeaderView.xib; sourceTree = "<group>"; };
		34531B70279509C1001489C0 /* AccountSummaryCell.swift */ = {isa = PBXFileReference; lastKnownFileType = sourcecode.swift; path = AccountSummaryCell.swift; sourceTree = "<group>"; };
		34A8D37327966ADB00E0EC28 /* DecimalUtils.swift */ = {isa = PBXFileReference; lastKnownFileType = sourcecode.swift; path = DecimalUtils.swift; sourceTree = "<group>"; };
		34A8D37527966B2B00E0EC28 /* CurrencyFormatter.swift */ = {isa = PBXFileReference; lastKnownFileType = sourcecode.swift; path = CurrencyFormatter.swift; sourceTree = "<group>"; };
		34A8D37B2796735200E0EC28 /* BankeyUnitTests.xctest */ = {isa = PBXFileReference; explicitFileType = wrapper.cfbundle; includeInIndex = 0; path = BankeyUnitTests.xctest; sourceTree = BUILT_PRODUCTS_DIR; };
		34A8D384279673ED00E0EC28 /* CurrencyFormatterTests.swift */ = {isa = PBXFileReference; lastKnownFileType = sourcecode.swift; path = CurrencyFormatterTests.swift; sourceTree = "<group>"; };
		34A8D3862797188900E0EC28 /* NSNotificationName.swift */ = {isa = PBXFileReference; lastKnownFileType = sourcecode.swift; path = NSNotificationName.swift; sourceTree = "<group>"; };
		34A8D3882797257400E0EC28 /* UITextField+SecureToggle.swift */ = {isa = PBXFileReference; lastKnownFileType = sourcecode.swift; path = "UITextField+SecureToggle.swift"; sourceTree = "<group>"; };
		34B199DA278BCFC1003D7642 /* Bankey.app */ = {isa = PBXFileReference; explicitFileType = wrapper.application; includeInIndex = 0; path = Bankey.app; sourceTree = BUILT_PRODUCTS_DIR; };
		34B199DD278BCFC1003D7642 /* AppDelegate.swift */ = {isa = PBXFileReference; lastKnownFileType = sourcecode.swift; path = AppDelegate.swift; sourceTree = "<group>"; };
		34B199E1278BCFC1003D7642 /* LoginViewController.swift */ = {isa = PBXFileReference; lastKnownFileType = sourcecode.swift; path = LoginViewController.swift; sourceTree = "<group>"; };
		34B199E6278BCFC3003D7642 /* Assets.xcassets */ = {isa = PBXFileReference; lastKnownFileType = folder.assetcatalog; path = Assets.xcassets; sourceTree = "<group>"; };
		34B199E9278BCFC3003D7642 /* Base */ = {isa = PBXFileReference; lastKnownFileType = file.storyboard; name = Base; path = Base.lproj/LaunchScreen.storyboard; sourceTree = "<group>"; };
		34B199EB278BCFC3003D7642 /* Info.plist */ = {isa = PBXFileReference; lastKnownFileType = text.plist.xml; path = Info.plist; sourceTree = "<group>"; };
/* End PBXFileReference section */

/* Begin PBXFrameworksBuildPhase section */
		34A8D3782796735200E0EC28 /* Frameworks */ = {
			isa = PBXFrameworksBuildPhase;
			buildActionMask = 2147483647;
			files = (
			);
			runOnlyForDeploymentPostprocessing = 0;
		};
		34B199D7278BCFC1003D7642 /* Frameworks */ = {
			isa = PBXFrameworksBuildPhase;
			buildActionMask = 2147483647;
			files = (
			);
			runOnlyForDeploymentPostprocessing = 0;
		};
/* End PBXFrameworksBuildPhase section */

/* Begin PBXGroup section */
		342FCA41278CD42900AC61BF /* Resources */ = {
			isa = PBXGroup;
			children = (
				34B199E6278BCFC3003D7642 /* Assets.xcassets */,
				34B199E8278BCFC3003D7642 /* LaunchScreen.storyboard */,
				34B199EB278BCFC3003D7642 /* Info.plist */,
			);
			name = Resources;
			sourceTree = "<group>";
		};
		342FCA42278CD49E00AC61BF /* Login */ = {
			isa = PBXGroup;
			children = (
				34B199E1278BCFC1003D7642 /* LoginViewController.swift */,
				342FCA43278CD57300AC61BF /* LoginView.swift */,
				344F923D279278DC00FC831C /* DummyViewController.swift */,
			);
			path = Login;
			sourceTree = "<group>";
		};
		344F9238279135E200FC831C /* Onboarding */ = {
			isa = PBXGroup;
			children = (
				344F92392791361700FC831C /* OnboardingContainerViewController.swift */,
				344F923B279203EC00FC831C /* OnboardingViewController.swift */,
			);
			path = Onboarding;
			sourceTree = "<group>";
		};
		344F923F27928B5A00FC831C /* Utilities */ = {
			isa = PBXGroup;
			children = (
				344F924027928B6400FC831C /* LocalState.swift */,
				34531B632793D00C001489C0 /* UIViewController+Utils.swift */,
				34A8D37327966ADB00E0EC28 /* DecimalUtils.swift */,
				34A8D37527966B2B00E0EC28 /* CurrencyFormatter.swift */,
				34A8D3862797188900E0EC28 /* NSNotificationName.swift */,
				34A8D3882797257400E0EC28 /* UITextField+SecureToggle.swift */,
			);
			path = Utilities;
			sourceTree = "<group>";
		};
		34531B672794773E001489C0 /* AccountSummary */ = {
			isa = PBXGroup;
			children = (
				34531B682794779A001489C0 /* AccountSummaryViewController.swift */,
				34531B6E2795096F001489C0 /* Header */,
				34531B6F27950990001489C0 /* Cells */,
			);
			path = AccountSummary;
			sourceTree = "<group>";
		};
		34531B6E2795096F001489C0 /* Header */ = {
			isa = PBXGroup;
			children = (
				34531B6A27947D0D001489C0 /* AccountSummaryHeaderView.swift */,
				34531B6C27947D4C001489C0 /* AccountSummaryHeaderView.xib */,
			);
			path = Header;
			sourceTree = "<group>";
		};
		34531B6F27950990001489C0 /* Cells */ = {
			isa = PBXGroup;
			children = (
				34531B70279509C1001489C0 /* AccountSummaryCell.swift */,
			);
			path = Cells;
			sourceTree = "<group>";
		};
		34A8D37C2796735200E0EC28 /* BankeyUnitTests */ = {
			isa = PBXGroup;
			children = (
				34A8D384279673ED00E0EC28 /* CurrencyFormatterTests.swift */,
			);
			path = BankeyUnitTests;
			sourceTree = "<group>";
		};
		34B199D1278BCFC1003D7642 = {
			isa = PBXGroup;
			children = (
				34B199DC278BCFC1003D7642 /* Bankey */,
				34A8D37C2796735200E0EC28 /* BankeyUnitTests */,
				34B199DB278BCFC1003D7642 /* Products */,
			);
			sourceTree = "<group>";
		};
		34B199DB278BCFC1003D7642 /* Products */ = {
			isa = PBXGroup;
			children = (
				34B199DA278BCFC1003D7642 /* Bankey.app */,
				34A8D37B2796735200E0EC28 /* BankeyUnitTests.xctest */,
			);
			name = Products;
			sourceTree = "<group>";
		};
		34B199DC278BCFC1003D7642 /* Bankey */ = {
			isa = PBXGroup;
			children = (
				34B199DD278BCFC1003D7642 /* AppDelegate.swift */,
				34531B652793D1FC001489C0 /* MainViewController.swift */,
				342FCA42278CD49E00AC61BF /* Login */,
				344F9238279135E200FC831C /* Onboarding */,
				34531B672794773E001489C0 /* AccountSummary */,
				344F923F27928B5A00FC831C /* Utilities */,
				342FCA41278CD42900AC61BF /* Resources */,
			);
			path = Bankey;
			sourceTree = "<group>";
		};
/* End PBXGroup section */

/* Begin PBXNativeTarget section */
		34A8D37A2796735200E0EC28 /* BankeyUnitTests */ = {
			isa = PBXNativeTarget;
			buildConfigurationList = 34A8D3812796735200E0EC28 /* Build configuration list for PBXNativeTarget "BankeyUnitTests" */;
			buildPhases = (
				34A8D3772796735200E0EC28 /* Sources */,
				34A8D3782796735200E0EC28 /* Frameworks */,
				34A8D3792796735200E0EC28 /* Resources */,
			);
			buildRules = (
			);
			dependencies = (
				34A8D3802796735200E0EC28 /* PBXTargetDependency */,
			);
			name = BankeyUnitTests;
			productName = BankeyUnitTests;
			productReference = 34A8D37B2796735200E0EC28 /* BankeyUnitTests.xctest */;
			productType = "com.apple.product-type.bundle.unit-test";
		};
		34B199D9278BCFC1003D7642 /* Bankey */ = {
			isa = PBXNativeTarget;
			buildConfigurationList = 34B199EE278BCFC3003D7642 /* Build configuration list for PBXNativeTarget "Bankey" */;
			buildPhases = (
				34B199D6278BCFC1003D7642 /* Sources */,
				34B199D7278BCFC1003D7642 /* Frameworks */,
				34B199D8278BCFC1003D7642 /* Resources */,
			);
			buildRules = (
			);
			dependencies = (
			);
			name = Bankey;
			productName = Bankey;
			productReference = 34B199DA278BCFC1003D7642 /* Bankey.app */;
			productType = "com.apple.product-type.application";
		};
/* End PBXNativeTarget section */

/* Begin PBXProject section */
		34B199D2278BCFC1003D7642 /* Project object */ = {
			isa = PBXProject;
			attributes = {
				BuildIndependentTargetsInParallel = 1;
				LastSwiftUpdateCheck = 1320;
				LastUpgradeCheck = 1320;
				TargetAttributes = {
					34A8D37A2796735200E0EC28 = {
						CreatedOnToolsVersion = 13.2.1;
						LastSwiftMigration = 1320;
						TestTargetID = 34B199D9278BCFC1003D7642;
					};
					34B199D9278BCFC1003D7642 = {
						CreatedOnToolsVersion = 13.2.1;
					};
				};
			};
			buildConfigurationList = 34B199D5278BCFC1003D7642 /* Build configuration list for PBXProject "Bankey" */;
			compatibilityVersion = "Xcode 13.0";
			developmentRegion = en;
			hasScannedForEncodings = 0;
			knownRegions = (
				en,
				Base,
			);
			mainGroup = 34B199D1278BCFC1003D7642;
			productRefGroup = 34B199DB278BCFC1003D7642 /* Products */;
			projectDirPath = "";
			projectRoot = "";
			targets = (
				34B199D9278BCFC1003D7642 /* Bankey */,
				34A8D37A2796735200E0EC28 /* BankeyUnitTests */,
			);
		};
/* End PBXProject section */

/* Begin PBXResourcesBuildPhase section */
		34A8D3792796735200E0EC28 /* Resources */ = {
			isa = PBXResourcesBuildPhase;
			buildActionMask = 2147483647;
			files = (
			);
			runOnlyForDeploymentPostprocessing = 0;
		};
		34B199D8278BCFC1003D7642 /* Resources */ = {
			isa = PBXResourcesBuildPhase;
			buildActionMask = 2147483647;
			files = (
				34531B6D27947D4C001489C0 /* AccountSummaryHeaderView.xib in Resources */,
				34B199EA278BCFC3003D7642 /* LaunchScreen.storyboard in Resources */,
				34B199E7278BCFC3003D7642 /* Assets.xcassets in Resources */,
			);
			runOnlyForDeploymentPostprocessing = 0;
		};
/* End PBXResourcesBuildPhase section */

/* Begin PBXSourcesBuildPhase section */
		34A8D3772796735200E0EC28 /* Sources */ = {
			isa = PBXSourcesBuildPhase;
			buildActionMask = 2147483647;
			files = (
				34A8D385279673ED00E0EC28 /* CurrencyFormatterTests.swift in Sources */,
			);
			runOnlyForDeploymentPostprocessing = 0;
		};
		34B199D6278BCFC1003D7642 /* Sources */ = {
			isa = PBXSourcesBuildPhase;
			buildActionMask = 2147483647;
			files = (
				34531B642793D00C001489C0 /* UIViewController+Utils.swift in Sources */,
				342FCA44278CD57300AC61BF /* LoginView.swift in Sources */,
				344F924127928B6400FC831C /* LocalState.swift in Sources */,
				34531B6B27947D0D001489C0 /* AccountSummaryHeaderView.swift in Sources */,
				34A8D3892797257400E0EC28 /* UITextField+SecureToggle.swift in Sources */,
				344F923E279278DC00FC831C /* DummyViewController.swift in Sources */,
				34A8D37627966B2B00E0EC28 /* CurrencyFormatter.swift in Sources */,
				34A8D37427966ADB00E0EC28 /* DecimalUtils.swift in Sources */,
				34A8D3872797188900E0EC28 /* NSNotificationName.swift in Sources */,
				34B199E2278BCFC1003D7642 /* LoginViewController.swift in Sources */,
				34531B71279509C1001489C0 /* AccountSummaryCell.swift in Sources */,
				344F923C279203EC00FC831C /* OnboardingViewController.swift in Sources */,
				34531B662793D1FC001489C0 /* MainViewController.swift in Sources */,
				34531B692794779A001489C0 /* AccountSummaryViewController.swift in Sources */,
				34B199DE278BCFC1003D7642 /* AppDelegate.swift in Sources */,
				344F923A2791361700FC831C /* OnboardingContainerViewController.swift in Sources */,
			);
			runOnlyForDeploymentPostprocessing = 0;
		};
/* End PBXSourcesBuildPhase section */

/* Begin PBXTargetDependency section */
		34A8D3802796735200E0EC28 /* PBXTargetDependency */ = {
			isa = PBXTargetDependency;
			target = 34B199D9278BCFC1003D7642 /* Bankey */;
			targetProxy = 34A8D37F2796735200E0EC28 /* PBXContainerItemProxy */;
		};
/* End PBXTargetDependency section */

/* Begin PBXVariantGroup section */
		34B199E8278BCFC3003D7642 /* LaunchScreen.storyboard */ = {
			isa = PBXVariantGroup;
			children = (
				34B199E9278BCFC3003D7642 /* Base */,
			);
			name = LaunchScreen.storyboard;
			sourceTree = "<group>";
		};
/* End PBXVariantGroup section */

/* Begin XCBuildConfiguration section */
		34A8D3822796735200E0EC28 /* Debug */ = {
			isa = XCBuildConfiguration;
			buildSettings = {
				BUNDLE_LOADER = "$(TEST_HOST)";
				CLANG_ENABLE_MODULES = YES;
				CODE_SIGN_STYLE = Automatic;
				CURRENT_PROJECT_VERSION = 1;
				DEVELOPMENT_TEAM = PAWY7694HK;
				GENERATE_INFOPLIST_FILE = YES;
				LD_RUNPATH_SEARCH_PATHS = (
					"$(inherited)",
					"@executable_path/Frameworks",
					"@loader_path/Frameworks",
				);
				MARKETING_VERSION = 1.0;
				PRODUCT_BUNDLE_IDENTIFIER = co.kevinwatke.BankeyUnitTests;
				PRODUCT_NAME = "$(TARGET_NAME)";
				SWIFT_EMIT_LOC_STRINGS = NO;
				SWIFT_OPTIMIZATION_LEVEL = "-Onone";
				SWIFT_VERSION = 5.0;
				TARGETED_DEVICE_FAMILY = "1,2";
				TEST_HOST = "$(BUILT_PRODUCTS_DIR)/Bankey.app/Bankey";
			};
			name = Debug;
		};
		34A8D3832796735200E0EC28 /* Release */ = {
			isa = XCBuildConfiguration;
			buildSettings = {
				BUNDLE_LOADER = "$(TEST_HOST)";
				CLANG_ENABLE_MODULES = YES;
				CODE_SIGN_STYLE = Automatic;
				CURRENT_PROJECT_VERSION = 1;
				DEVELOPMENT_TEAM = PAWY7694HK;
				GENERATE_INFOPLIST_FILE = YES;
				LD_RUNPATH_SEARCH_PATHS = (
					"$(inherited)",
					"@executable_path/Frameworks",
					"@loader_path/Frameworks",
				);
				MARKETING_VERSION = 1.0;
				PRODUCT_BUNDLE_IDENTIFIER = co.kevinwatke.BankeyUnitTests;
				PRODUCT_NAME = "$(TARGET_NAME)";
				SWIFT_EMIT_LOC_STRINGS = NO;
				SWIFT_VERSION = 5.0;
				TARGETED_DEVICE_FAMILY = "1,2";
				TEST_HOST = "$(BUILT_PRODUCTS_DIR)/Bankey.app/Bankey";
			};
			name = Release;
		};
		34B199EC278BCFC3003D7642 /* Debug */ = {
			isa = XCBuildConfiguration;
			buildSettings = {
				ALWAYS_SEARCH_USER_PATHS = NO;
				CLANG_ANALYZER_NONNULL = YES;
				CLANG_ANALYZER_NUMBER_OBJECT_CONVERSION = YES_AGGRESSIVE;
				CLANG_CXX_LANGUAGE_STANDARD = "gnu++17";
				CLANG_CXX_LIBRARY = "libc++";
				CLANG_ENABLE_MODULES = YES;
				CLANG_ENABLE_OBJC_ARC = YES;
				CLANG_ENABLE_OBJC_WEAK = YES;
				CLANG_WARN_BLOCK_CAPTURE_AUTORELEASING = YES;
				CLANG_WARN_BOOL_CONVERSION = YES;
				CLANG_WARN_COMMA = YES;
				CLANG_WARN_CONSTANT_CONVERSION = YES;
				CLANG_WARN_DEPRECATED_OBJC_IMPLEMENTATIONS = YES;
				CLANG_WARN_DIRECT_OBJC_ISA_USAGE = YES_ERROR;
				CLANG_WARN_DOCUMENTATION_COMMENTS = YES;
				CLANG_WARN_EMPTY_BODY = YES;
				CLANG_WARN_ENUM_CONVERSION = YES;
				CLANG_WARN_INFINITE_RECURSION = YES;
				CLANG_WARN_INT_CONVERSION = YES;
				CLANG_WARN_NON_LITERAL_NULL_CONVERSION = YES;
				CLANG_WARN_OBJC_IMPLICIT_RETAIN_SELF = YES;
				CLANG_WARN_OBJC_LITERAL_CONVERSION = YES;
				CLANG_WARN_OBJC_ROOT_CLASS = YES_ERROR;
				CLANG_WARN_QUOTED_INCLUDE_IN_FRAMEWORK_HEADER = YES;
				CLANG_WARN_RANGE_LOOP_ANALYSIS = YES;
				CLANG_WARN_STRICT_PROTOTYPES = YES;
				CLANG_WARN_SUSPICIOUS_MOVE = YES;
				CLANG_WARN_UNGUARDED_AVAILABILITY = YES_AGGRESSIVE;
				CLANG_WARN_UNREACHABLE_CODE = YES;
				CLANG_WARN__DUPLICATE_METHOD_MATCH = YES;
				COPY_PHASE_STRIP = NO;
				DEBUG_INFORMATION_FORMAT = dwarf;
				ENABLE_STRICT_OBJC_MSGSEND = YES;
				ENABLE_TESTABILITY = YES;
				GCC_C_LANGUAGE_STANDARD = gnu11;
				GCC_DYNAMIC_NO_PIC = NO;
				GCC_NO_COMMON_BLOCKS = YES;
				GCC_OPTIMIZATION_LEVEL = 0;
				GCC_PREPROCESSOR_DEFINITIONS = (
					"DEBUG=1",
					"$(inherited)",
				);
				GCC_WARN_64_TO_32_BIT_CONVERSION = YES;
				GCC_WARN_ABOUT_RETURN_TYPE = YES_ERROR;
				GCC_WARN_UNDECLARED_SELECTOR = YES;
				GCC_WARN_UNINITIALIZED_AUTOS = YES_AGGRESSIVE;
				GCC_WARN_UNUSED_FUNCTION = YES;
				GCC_WARN_UNUSED_VARIABLE = YES;
				IPHONEOS_DEPLOYMENT_TARGET = 15.2;
				MTL_ENABLE_DEBUG_INFO = INCLUDE_SOURCE;
				MTL_FAST_MATH = YES;
				ONLY_ACTIVE_ARCH = YES;
				SDKROOT = iphoneos;
				SWIFT_ACTIVE_COMPILATION_CONDITIONS = DEBUG;
				SWIFT_OPTIMIZATION_LEVEL = "-Onone";
			};
			name = Debug;
		};
		34B199ED278BCFC3003D7642 /* Release */ = {
			isa = XCBuildConfiguration;
			buildSettings = {
				ALWAYS_SEARCH_USER_PATHS = NO;
				CLANG_ANALYZER_NONNULL = YES;
				CLANG_ANALYZER_NUMBER_OBJECT_CONVERSION = YES_AGGRESSIVE;
				CLANG_CXX_LANGUAGE_STANDARD = "gnu++17";
				CLANG_CXX_LIBRARY = "libc++";
				CLANG_ENABLE_MODULES = YES;
				CLANG_ENABLE_OBJC_ARC = YES;
				CLANG_ENABLE_OBJC_WEAK = YES;
				CLANG_WARN_BLOCK_CAPTURE_AUTORELEASING = YES;
				CLANG_WARN_BOOL_CONVERSION = YES;
				CLANG_WARN_COMMA = YES;
				CLANG_WARN_CONSTANT_CONVERSION = YES;
				CLANG_WARN_DEPRECATED_OBJC_IMPLEMENTATIONS = YES;
				CLANG_WARN_DIRECT_OBJC_ISA_USAGE = YES_ERROR;
				CLANG_WARN_DOCUMENTATION_COMMENTS = YES;
				CLANG_WARN_EMPTY_BODY = YES;
				CLANG_WARN_ENUM_CONVERSION = YES;
				CLANG_WARN_INFINITE_RECURSION = YES;
				CLANG_WARN_INT_CONVERSION = YES;
				CLANG_WARN_NON_LITERAL_NULL_CONVERSION = YES;
				CLANG_WARN_OBJC_IMPLICIT_RETAIN_SELF = YES;
				CLANG_WARN_OBJC_LITERAL_CONVERSION = YES;
				CLANG_WARN_OBJC_ROOT_CLASS = YES_ERROR;
				CLANG_WARN_QUOTED_INCLUDE_IN_FRAMEWORK_HEADER = YES;
				CLANG_WARN_RANGE_LOOP_ANALYSIS = YES;
				CLANG_WARN_STRICT_PROTOTYPES = YES;
				CLANG_WARN_SUSPICIOUS_MOVE = YES;
				CLANG_WARN_UNGUARDED_AVAILABILITY = YES_AGGRESSIVE;
				CLANG_WARN_UNREACHABLE_CODE = YES;
				CLANG_WARN__DUPLICATE_METHOD_MATCH = YES;
				COPY_PHASE_STRIP = NO;
				DEBUG_INFORMATION_FORMAT = "dwarf-with-dsym";
				ENABLE_NS_ASSERTIONS = NO;
				ENABLE_STRICT_OBJC_MSGSEND = YES;
				GCC_C_LANGUAGE_STANDARD = gnu11;
				GCC_NO_COMMON_BLOCKS = YES;
				GCC_WARN_64_TO_32_BIT_CONVERSION = YES;
				GCC_WARN_ABOUT_RETURN_TYPE = YES_ERROR;
				GCC_WARN_UNDECLARED_SELECTOR = YES;
				GCC_WARN_UNINITIALIZED_AUTOS = YES_AGGRESSIVE;
				GCC_WARN_UNUSED_FUNCTION = YES;
				GCC_WARN_UNUSED_VARIABLE = YES;
				IPHONEOS_DEPLOYMENT_TARGET = 15.2;
				MTL_ENABLE_DEBUG_INFO = NO;
				MTL_FAST_MATH = YES;
				SDKROOT = iphoneos;
				SWIFT_COMPILATION_MODE = wholemodule;
				SWIFT_OPTIMIZATION_LEVEL = "-O";
				VALIDATE_PRODUCT = YES;
			};
			name = Release;
		};
		34B199EF278BCFC3003D7642 /* Debug */ = {
			isa = XCBuildConfiguration;
			buildSettings = {
				ASSETCATALOG_COMPILER_APPICON_NAME = AppIcon;
				ASSETCATALOG_COMPILER_GLOBAL_ACCENT_COLOR_NAME = AccentColor;
				CODE_SIGN_STYLE = Automatic;
				CURRENT_PROJECT_VERSION = 1;
				DEVELOPMENT_TEAM = PAWY7694HK;
				GENERATE_INFOPLIST_FILE = YES;
				INFOPLIST_FILE = Bankey/Info.plist;
				INFOPLIST_KEY_UIApplicationSupportsIndirectInputEvents = YES;
				INFOPLIST_KEY_UILaunchStoryboardName = LaunchScreen;
				INFOPLIST_KEY_UISupportedInterfaceOrientations_iPad = "UIInterfaceOrientationPortrait UIInterfaceOrientationPortraitUpsideDown UIInterfaceOrientationLandscapeLeft UIInterfaceOrientationLandscapeRight";
				INFOPLIST_KEY_UISupportedInterfaceOrientations_iPhone = "UIInterfaceOrientationPortrait UIInterfaceOrientationLandscapeLeft UIInterfaceOrientationLandscapeRight";
				LD_RUNPATH_SEARCH_PATHS = (
					"$(inherited)",
					"@executable_path/Frameworks",
				);
				MARKETING_VERSION = 1.0;
				PRODUCT_BUNDLE_IDENTIFIER = co.kevinwatke.Bankey;
				PRODUCT_NAME = "$(TARGET_NAME)";
				SWIFT_EMIT_LOC_STRINGS = YES;
				SWIFT_VERSION = 5.0;
				TARGETED_DEVICE_FAMILY = "1,2";
			};
			name = Debug;
		};
		34B199F0278BCFC3003D7642 /* Release */ = {
			isa = XCBuildConfiguration;
			buildSettings = {
				ASSETCATALOG_COMPILER_APPICON_NAME = AppIcon;
				ASSETCATALOG_COMPILER_GLOBAL_ACCENT_COLOR_NAME = AccentColor;
				CODE_SIGN_STYLE = Automatic;
				CURRENT_PROJECT_VERSION = 1;
				DEVELOPMENT_TEAM = PAWY7694HK;
				GENERATE_INFOPLIST_FILE = YES;
				INFOPLIST_FILE = Bankey/Info.plist;
				INFOPLIST_KEY_UIApplicationSupportsIndirectInputEvents = YES;
				INFOPLIST_KEY_UILaunchStoryboardName = LaunchScreen;
				INFOPLIST_KEY_UISupportedInterfaceOrientations_iPad = "UIInterfaceOrientationPortrait UIInterfaceOrientationPortraitUpsideDown UIInterfaceOrientationLandscapeLeft UIInterfaceOrientationLandscapeRight";
				INFOPLIST_KEY_UISupportedInterfaceOrientations_iPhone = "UIInterfaceOrientationPortrait UIInterfaceOrientationLandscapeLeft UIInterfaceOrientationLandscapeRight";
				LD_RUNPATH_SEARCH_PATHS = (
					"$(inherited)",
					"@executable_path/Frameworks",
				);
				MARKETING_VERSION = 1.0;
				PRODUCT_BUNDLE_IDENTIFIER = co.kevinwatke.Bankey;
				PRODUCT_NAME = "$(TARGET_NAME)";
				SWIFT_EMIT_LOC_STRINGS = YES;
				SWIFT_VERSION = 5.0;
				TARGETED_DEVICE_FAMILY = "1,2";
			};
			name = Release;
		};
/* End XCBuildConfiguration section */

/* Begin XCConfigurationList section */
		34A8D3812796735200E0EC28 /* Build configuration list for PBXNativeTarget "BankeyUnitTests" */ = {
			isa = XCConfigurationList;
			buildConfigurations = (
				34A8D3822796735200E0EC28 /* Debug */,
				34A8D3832796735200E0EC28 /* Release */,
			);
			defaultConfigurationIsVisible = 0;
			defaultConfigurationName = Release;
		};
		34B199D5278BCFC1003D7642 /* Build configuration list for PBXProject "Bankey" */ = {
			isa = XCConfigurationList;
			buildConfigurations = (
				34B199EC278BCFC3003D7642 /* Debug */,
				34B199ED278BCFC3003D7642 /* Release */,
			);
			defaultConfigurationIsVisible = 0;
			defaultConfigurationName = Release;
		};
		34B199EE278BCFC3003D7642 /* Build configuration list for PBXNativeTarget "Bankey" */ = {
			isa = XCConfigurationList;
			buildConfigurations = (
				34B199EF278BCFC3003D7642 /* Debug */,
				34B199F0278BCFC3003D7642 /* Release */,
			);
			defaultConfigurationIsVisible = 0;
			defaultConfigurationName = Release;
		};
/* End XCConfigurationList section */
	};
	rootObject = 34B199D2278BCFC1003D7642 /* Project object */;
}
